
Microsoft Visual Studio Solution File, Format Version 12.00
# Visual Studio Version 17
VisualStudioVersion = 17.7.34003.232
MinimumVisualStudioVersion = 10.0.40219.1
Project("{FAE04EC0-301F-11D3-BF4B-00C04F79EFBC}") = "DecodeEncode", "DecodeEncode.csproj", "{C6D98BCB-AA03-45B4-8D01-89378FEB19FC}"
EndProject
Global
	GlobalSection(SolutionConfigurationPlatforms) = preSolution
		Debug|Any CPU = Debug|Any CPU
		Release|Any CPU = Release|Any CPU
	EndGlobalSection
	GlobalSection(ProjectConfigurationPlatforms) = postSolution
		{C6D98BCB-AA03-45B4-8D01-89378FEB19FC}.Debug|Any CPU.ActiveCfg = Debug|Any CPU
		{C6D98BCB-AA03-45B4-8D01-89378FEB19FC}.Debug|Any CPU.Build.0 = Debug|Any CPU
		{C6D98BCB-AA03-45B4-8D01-89378FEB19FC}.Release|Any CPU.ActiveCfg = Release|Any CPU
		{C6D98BCB-AA03-45B4-8D01-89378FEB19FC}.Release|Any CPU.Build.0 = Release|Any CPU
	EndGlobalSection
	GlobalSection(SolutionProperties) = preSolution
		HideSolutionNode = FALSE
	EndGlobalSection
	GlobalSection(ExtensibilityGlobals) = postSolution
		SolutionGuid = {D6A6E6A4-AA9C-4508-8AC9-39E5A6F7C653}
	EndGlobalSection
EndGlobal
